
Microsoft Visual Studio Solution File, Format Version 12.00
# Visual Studio Version 16
VisualStudioVersion = 16.0.29215.179
MinimumVisualStudioVersion = 10.0.40219.1
Project("{FAE04EC0-301F-11D3-BF4B-00C04F79EFBC}") = "AsteroidGame", "AsteroidGame\AsteroidGame.csproj", "{936B446E-248F-44CE-B4DC-F86A3497205A}"
EndProject
Global
	GlobalSection(SolutionConfigurationPlatforms) = preSolution
		Debug|Any CPU = Debug|Any CPU
		Release|Any CPU = Release|Any CPU
	EndGlobalSection
	GlobalSection(ProjectConfigurationPlatforms) = postSolution
		{936B446E-248F-44CE-B4DC-F86A3497205A}.Debug|Any CPU.ActiveCfg = Debug|Any CPU
		{936B446E-248F-44CE-B4DC-F86A3497205A}.Debug|Any CPU.Build.0 = Debug|Any CPU
		{936B446E-248F-44CE-B4DC-F86A3497205A}.Release|Any CPU.ActiveCfg = Release|Any CPU
		{936B446E-248F-44CE-B4DC-F86A3497205A}.Release|Any CPU.Build.0 = Release|Any CPU
	EndGlobalSection
	GlobalSection(SolutionProperties) = preSolution
		HideSolutionNode = FALSE
	EndGlobalSection
	GlobalSection(ExtensibilityGlobals) = postSolution
		SolutionGuid = {87D56886-18C3-4149-9C31-09587B0DB1D4}
	EndGlobalSection
EndGlobal
